github.com/davecgh/go-spew v1.1.0 h1:ZDRjVQ15GmhC3fiQ8ni8+OwkZQO4DARzQgrnXU1Liz8=
github.com/davecgh/go-spew v1.1.0/go.mod h1:J7Y8YcW2NihsgmVo/mv3lAwl/skON4iLHjSsI+c5H38=
github.com/nuclio/logger v0.0.0-20180410162335-ccc5ab971395 h1:Kxj1qEfCW//h03vbWyFaPfhzg9opZgr2DfPiYLonCvI=
github.com/nuclio/logger v0.0.0-20180410162335-ccc5ab971395/go.mod h1:ttazNAqTxKjQ7XrGDZxecumGa9KCIuJh88gzFY1mRXo=
github.com/nuclio/nuclio-sdk-go v0.0.0-20190205170814-3b507fbd0324 h1:wSCJEH8mUQ3VTyUukbYdxmi0UMmB14Lu1GOlNOs0dWY=
github.com/nuclio/nuclio-sdk-go v0.0.0-20190205170814-3b507fbd0324/go.mod h1:NqMgotiF6Y0Ho4+i5AvJhH3FRKAyL4IMaMv/eoUOkKQ=
github.com/pkg/errors v0.8.1 h1:iURUrRGxPUNPdy5/HRSm+Yj6okJ6UtLINN0Q9M4+h3I=
github.com/pkg/errors v0.8.1/go.mod h1:bwawxfHBFNV+L2hUp1rHADufV3IMtnDRdf1r5NINEl0=
github.com/pmezard/go-difflib v1.0.0 h1:4DBwDE0NGyQoBHbLQYPwSUPoCMWR5BEzIk/f1lZbAQM=
github.com/pmezard/go-difflib v1.0.0/go.mod h1:iKH77koFhYxTK1pcRnkKkqfTogsbg7gZNVY4sRDYZ/4=
github.com/stretchr/objx v0.1.0/go.mod h1:HFkY916IF+rwdDfMAkV7OtwuqBVzrE8GR6GFx+wExME=
github.com/stretchr/testify v1.3.0 h1:TivCn/peBQ7UY8ooIcPgZFpTNSz0Q2U6UrFlUfqbe0Q=
github.com/stretchr/testify v1.3.0/go.mod h1:M5WIy9Dh21IEIfnGCwXGc5bZfKNJtfHm1UVUgZn+9EI=
